// !$*UTF8*$!
{
	archiveVersion = 1;
	classes = {
	};
	objectVersion = 56;
	objects = {

/* Begin PBXBuildFile section */
		931B50D22AB2729400845796 /* texture.cpp in Sources */ = {isa = PBXBuildFile; fileRef = 931B50D12AB2729400845796 /* texture.cpp */; };
		931B50D62AB2745C00845796 /* point.cpp in Sources */ = {isa = PBXBuildFile; fileRef = 931B50D42AB2745C00845796 /* point.cpp */; };
		938077122AAE7A2F006EEADC /* SDL2.framework in Frameworks */ = {isa = PBXBuildFile; fileRef = 938077112AAE7A2F006EEADC /* SDL2.framework */; };
		938077142AAE7A4B006EEADC /* main.cpp in Sources */ = {isa = PBXBuildFile; fileRef = 938077132AAE7A4B006EEADC /* main.cpp */; };
		938077162AAE7A62006EEADC /* ThreadPool.cpp in Sources */ = {isa = PBXBuildFile; fileRef = 938077152AAE7A62006EEADC /* ThreadPool.cpp */; };
		938077182AAE7ADA006EEADC /* ThreadPool.h in CopyFiles */ = {isa = PBXBuildFile; fileRef = 938077172AAE7ADA006EEADC /* ThreadPool.h */; };
		9380771A2AAE7AEA006EEADC /* stb_image.h in CopyFiles */ = {isa = PBXBuildFile; fileRef = 938077192AAE7AEA006EEADC /* stb_image.h */; };
		938077202AAEAE53006EEADC /* test.jpg in CopyFiles */ = {isa = PBXBuildFile; fileRef = 9380771B2AAE978E006EEADC /* test.jpg */; };
/* End PBXBuildFile section */

/* Begin PBXCopyFilesBuildPhase section */
		938077032AAE798B006EEADC /* CopyFiles */ = {
			isa = PBXCopyFilesBuildPhase;
			buildActionMask = 2147483647;
			dstPath = /usr/share/man/man1/;
			dstSubfolderSpec = 0;
			files = (
				9380771A2AAE7AEA006EEADC /* stb_image.h in CopyFiles */,
				938077182AAE7ADA006EEADC /* ThreadPool.h in CopyFiles */,
			);
			runOnlyForDeploymentPostprocessing = 1;
		};
		9380771F2AAEAE4E006EEADC /* CopyFiles */ = {
			isa = PBXCopyFilesBuildPhase;
			buildActionMask = 2147483647;
			dstPath = "";
			dstSubfolderSpec = 7;
			files = (
				938077202AAEAE53006EEADC /* test.jpg in CopyFiles */,
			);
			runOnlyForDeploymentPostprocessing = 0;
		};
/* End PBXCopyFilesBuildPhase section */

/* Begin PBXFileReference section */
		931B50D02AB2724D00845796 /* texture.h */ = {isa = PBXFileReference; lastKnownFileType = sourcecode.c.h; path = texture.h; sourceTree = "<group>"; };
		931B50D12AB2729400845796 /* texture.cpp */ = {isa = PBXFileReference; lastKnownFileType = sourcecode.cpp.cpp; path = texture.cpp; sourceTree = "<group>"; };
		931B50D42AB2745C00845796 /* point.cpp */ = {isa = PBXFileReference; lastKnownFileType = sourcecode.cpp.cpp; path = point.cpp; sourceTree = "<group>"; };
		931B50D52AB2745C00845796 /* point.hpp */ = {isa = PBXFileReference; lastKnownFileType = sourcecode.cpp.h; path = point.hpp; sourceTree = "<group>"; };
		938077052AAE798B006EEADC /* SoftwareRendering */ = {isa = PBXFileReference; explicitFileType = "compiled.mach-o.executable"; includeInIndex = 0; path = SoftwareRendering; sourceTree = BUILT_PRODUCTS_DIR; };
		9380770F2AAE79A6006EEADC /* src */ = {isa = PBXFileReference; lastKnownFileType = folder; name = src; path = ../../../src; sourceTree = "<group>"; };
		938077112AAE7A2F006EEADC /* SDL2.framework */ = {isa = PBXFileReference; lastKnownFileType = wrapper.framework; name = SDL2.framework; path = ../../../../../../../Library/Frameworks/SDL2.framework; sourceTree = "<group>"; };
		938077132AAE7A4B006EEADC /* main.cpp */ = {isa = PBXFileReference; lastKnownFileType = sourcecode.cpp.cpp; name = main.cpp; path = ../../src/main.cpp; sourceTree = "<group>"; };
		938077152AAE7A62006EEADC /* ThreadPool.cpp */ = {isa = PBXFileReference; lastKnownFileType = sourcecode.cpp.cpp; name = ThreadPool.cpp; path = ../../ConcurrencyPrimitives/src/ThreadPool.cpp; sourceTree = "<group>"; };
		938077172AAE7ADA006EEADC /* ThreadPool.h */ = {isa = PBXFileReference; lastKnownFileType = sourcecode.c.h; name = ThreadPool.h; path = ../../ConcurrencyPrimitives/src/ThreadPool.h; sourceTree = "<group>"; };
		938077192AAE7AEA006EEADC /* stb_image.h */ = {isa = PBXFileReference; lastKnownFileType = sourcecode.c.h; name = stb_image.h; path = ../../vendor/STB/stb_image.h; sourceTree = "<group>"; };
		9380771B2AAE978E006EEADC /* test.jpg */ = {isa = PBXFileReference; lastKnownFileType = image.jpeg; name = test.jpg; path = ../../assets/test.jpg; sourceTree = "<group>"; };
/* End PBXFileReference section */

/* Begin PBXFrameworksBuildPhase section */
		938077022AAE798B006EEADC /* Frameworks */ = {
			isa = PBXFrameworksBuildPhase;
			buildActionMask = 2147483647;
			files = (
				938077122AAE7A2F006EEADC /* SDL2.framework in Frameworks */,
			);
			runOnlyForDeploymentPostprocessing = 0;
		};
/* End PBXFrameworksBuildPhase section */

/* Begin PBXGroup section */
		938076FC2AAE798B006EEADC = {
			isa = PBXGroup;
			children = (
				931B50D42AB2745C00845796 /* point.cpp */,
				931B50D52AB2745C00845796 /* point.hpp */,
				931B50D12AB2729400845796 /* texture.cpp */,
				931B50D02AB2724D00845796 /* texture.h */,
				9380771B2AAE978E006EEADC /* test.jpg */,
				938077192AAE7AEA006EEADC /* stb_image.h */,
				938077172AAE7ADA006EEADC /* ThreadPool.h */,
				938077152AAE7A62006EEADC /* ThreadPool.cpp */,
				938077132AAE7A4B006EEADC /* main.cpp */,
				938077072AAE798B006EEADC /* SoftwareRendering */,
				938077062AAE798B006EEADC /* Products */,
				938077102AAE7A2F006EEADC /* Frameworks */,
			);
			sourceTree = "<group>";
		};
		938077062AAE798B006EEADC /* Products */ = {
			isa = PBXGroup;
			children = (
				938077052AAE798B006EEADC /* SoftwareRendering */,
			);
			name = Products;
			sourceTree = "<group>";
		};
		938077072AAE798B006EEADC /* SoftwareRendering */ = {
			isa = PBXGroup;
			children = (
				9380770F2AAE79A6006EEADC /* src */,
			);
			path = SoftwareRendering;
			sourceTree = "<group>";
		};
		938077102AAE7A2F006EEADC /* Frameworks */ = {
			isa = PBXGroup;
			children = (
				938077112AAE7A2F006EEADC /* SDL2.framework */,
			);
			name = Frameworks;
			sourceTree = "<group>";
		};
/* End PBXGroup section */

/* Begin PBXNativeTarget section */
		938077042AAE798B006EEADC /* SoftwareRendering */ = {
			isa = PBXNativeTarget;
			buildConfigurationList = 9380770C2AAE798B006EEADC /* Build configuration list for PBXNativeTarget "SoftwareRendering" */;
			buildPhases = (
				938077012AAE798B006EEADC /* Sources */,
				938077022AAE798B006EEADC /* Frameworks */,
				938077032AAE798B006EEADC /* CopyFiles */,
				9380771F2AAEAE4E006EEADC /* CopyFiles */,
			);
			buildRules = (
			);
			dependencies = (
			);
			name = SoftwareRendering;
			productName = SoftwareRendering;
			productReference = 938077052AAE798B006EEADC /* SoftwareRendering */;
			productType = "com.apple.product-type.tool";
		};
/* End PBXNativeTarget section */

/* Begin PBXProject section */
		938076FD2AAE798B006EEADC /* Project object */ = {
			isa = PBXProject;
			attributes = {
				BuildIndependentTargetsInParallel = 1;
				LastUpgradeCheck = 1420;
				TargetAttributes = {
					938077042AAE798B006EEADC = {
						CreatedOnToolsVersion = 14.2;
					};
				};
			};
			buildConfigurationList = 938077002AAE798B006EEADC /* Build configuration list for PBXProject "SoftwareRendering" */;
			compatibilityVersion = "Xcode 14.0";
			developmentRegion = en;
			hasScannedForEncodings = 0;
			knownRegions = (
				en,
				Base,
			);
			mainGroup = 938076FC2AAE798B006EEADC;
			productRefGroup = 938077062AAE798B006EEADC /* Products */;
			projectDirPath = "";
			projectRoot = "";
			targets = (
				938077042AAE798B006EEADC /* SoftwareRendering */,
			);
		};
/* End PBXProject section */

/* Begin PBXSourcesBuildPhase section */
		938077012AAE798B006EEADC /* Sources */ = {
			isa = PBXSourcesBuildPhase;
			buildActionMask = 2147483647;
			files = (
				931B50D62AB2745C00845796 /* point.cpp in Sources */,
				931B50D22AB2729400845796 /* texture.cpp in Sources */,
				938077162AAE7A62006EEADC /* ThreadPool.cpp in Sources */,
				938077142AAE7A4B006EEADC /* main.cpp in Sources */,
			);
			runOnlyForDeploymentPostprocessing = 0;
		};
/* End PBXSourcesBuildPhase section */

/* Begin XCBuildConfiguration section */
		9380770A2AAE798B006EEADC /* Debug */ = {
			isa = XCBuildConfiguration;
			buildSettings = {
				ALWAYS_SEARCH_USER_PATHS = NO;
				CLANG_ANALYZER_NONNULL = YES;
				CLANG_ANALYZER_NUMBER_OBJECT_CONVERSION = YES_AGGRESSIVE;
				CLANG_CXX_LANGUAGE_STANDARD = "gnu++20";
				CLANG_ENABLE_MODULES = YES;
				CLANG_ENABLE_OBJC_ARC = YES;
				CLANG_ENABLE_OBJC_WEAK = YES;
				CLANG_WARN_BLOCK_CAPTURE_AUTORELEASING = YES;
				CLANG_WARN_BOOL_CONVERSION = YES;
				CLANG_WARN_COMMA = YES;
				CLANG_WARN_CONSTANT_CONVERSION = YES;
				CLANG_WARN_DEPRECATED_OBJC_IMPLEMENTATIONS = YES;
				CLANG_WARN_DIRECT_OBJC_ISA_USAGE = YES_ERROR;
				CLANG_WARN_DOCUMENTATION_COMMENTS = YES;
				CLANG_WARN_EMPTY_BODY = YES;
				CLANG_WARN_ENUM_CONVERSION = YES;
				CLANG_WARN_INFINITE_RECURSION = YES;
				CLANG_WARN_INT_CONVERSION = YES;
				CLANG_WARN_NON_LITERAL_NULL_CONVERSION = YES;
				CLANG_WARN_OBJC_IMPLICIT_RETAIN_SELF = YES;
				CLANG_WARN_OBJC_LITERAL_CONVERSION = YES;
				CLANG_WARN_OBJC_ROOT_CLASS = YES_ERROR;
				CLANG_WARN_QUOTED_INCLUDE_IN_FRAMEWORK_HEADER = YES;
				CLANG_WARN_RANGE_LOOP_ANALYSIS = YES;
				CLANG_WARN_STRICT_PROTOTYPES = YES;
				CLANG_WARN_SUSPICIOUS_MOVE = YES;
				CLANG_WARN_UNGUARDED_AVAILABILITY = YES_AGGRESSIVE;
				CLANG_WARN_UNREACHABLE_CODE = YES;
				CLANG_WARN__DUPLICATE_METHOD_MATCH = YES;
				COPY_PHASE_STRIP = NO;
				DEBUG_INFORMATION_FORMAT = dwarf;
				ENABLE_STRICT_OBJC_MSGSEND = YES;
				ENABLE_TESTABILITY = YES;
				GCC_C_LANGUAGE_STANDARD = gnu11;
				GCC_DYNAMIC_NO_PIC = NO;
				GCC_NO_COMMON_BLOCKS = YES;
				GCC_OPTIMIZATION_LEVEL = 0;
				GCC_PREPROCESSOR_DEFINITIONS = (
					"DEBUG=1",
					"$(inherited)",
				);
				GCC_WARN_64_TO_32_BIT_CONVERSION = YES;
				GCC_WARN_ABOUT_RETURN_TYPE = YES_ERROR;
				GCC_WARN_UNDECLARED_SELECTOR = YES;
				GCC_WARN_UNINITIALIZED_AUTOS = YES_AGGRESSIVE;
				GCC_WARN_UNUSED_FUNCTION = YES;
				GCC_WARN_UNUSED_VARIABLE = YES;
				MACOSX_DEPLOYMENT_TARGET = 13.1;
				MTL_ENABLE_DEBUG_INFO = INCLUDE_SOURCE;
				MTL_FAST_MATH = YES;
				ONLY_ACTIVE_ARCH = YES;
				SDKROOT = macosx;
			};
			name = Debug;
		};
		9380770B2AAE798B006EEADC /* Release */ = {
			isa = XCBuildConfiguration;
			buildSettings = {
				ALWAYS_SEARCH_USER_PATHS = NO;
				CLANG_ANALYZER_NONNULL = YES;
				CLANG_ANALYZER_NUMBER_OBJECT_CONVERSION = YES_AGGRESSIVE;
				CLANG_CXX_LANGUAGE_STANDARD = "gnu++20";
				CLANG_ENABLE_MODULES = YES;
				CLANG_ENABLE_OBJC_ARC = YES;
				CLANG_ENABLE_OBJC_WEAK = YES;
				CLANG_WARN_BLOCK_CAPTURE_AUTORELEASING = YES;
				CLANG_WARN_BOOL_CONVERSION = YES;
				CLANG_WARN_COMMA = YES;
				CLANG_WARN_CONSTANT_CONVERSION = YES;
				CLANG_WARN_DEPRECATED_OBJC_IMPLEMENTATIONS = YES;
				CLANG_WARN_DIRECT_OBJC_ISA_USAGE = YES_ERROR;
				CLANG_WARN_DOCUMENTATION_COMMENTS = YES;
				CLANG_WARN_EMPTY_BODY = YES;
				CLANG_WARN_ENUM_CONVERSION = YES;
				CLANG_WARN_INFINITE_RECURSION = YES;
				CLANG_WARN_INT_CONVERSION = YES;
				CLANG_WARN_NON_LITERAL_NULL_CONVERSION = YES;
				CLANG_WARN_OBJC_IMPLICIT_RETAIN_SELF = YES;
				CLANG_WARN_OBJC_LITERAL_CONVERSION = YES;
				CLANG_WARN_OBJC_ROOT_CLASS = YES_ERROR;
				CLANG_WARN_QUOTED_INCLUDE_IN_FRAMEWORK_HEADER = YES;
				CLANG_WARN_RANGE_LOOP_ANALYSIS = YES;
				CLANG_WARN_STRICT_PROTOTYPES = YES;
				CLANG_WARN_SUSPICIOUS_MOVE = YES;
				CLANG_WARN_UNGUARDED_AVAILABILITY = YES_AGGRESSIVE;
				CLANG_WARN_UNREACHABLE_CODE = YES;
				CLANG_WARN__DUPLICATE_METHOD_MATCH = YES;
				COPY_PHASE_STRIP = NO;
				DEBUG_INFORMATION_FORMAT = "dwarf-with-dsym";
				ENABLE_NS_ASSERTIONS = NO;
				ENABLE_STRICT_OBJC_MSGSEND = YES;
				GCC_C_LANGUAGE_STANDARD = gnu11;
				GCC_NO_COMMON_BLOCKS = YES;
				GCC_WARN_64_TO_32_BIT_CONVERSION = YES;
				GCC_WARN_ABOUT_RETURN_TYPE = YES_ERROR;
				GCC_WARN_UNDECLARED_SELECTOR = YES;
				GCC_WARN_UNINITIALIZED_AUTOS = YES_AGGRESSIVE;
				GCC_WARN_UNUSED_FUNCTION = YES;
				GCC_WARN_UNUSED_VARIABLE = YES;
				MACOSX_DEPLOYMENT_TARGET = 13.1;
				MTL_ENABLE_DEBUG_INFO = NO;
				MTL_FAST_MATH = YES;
				SDKROOT = macosx;
			};
			name = Release;
		};
		9380770D2AAE798B006EEADC /* Debug */ = {
			isa = XCBuildConfiguration;
			buildSettings = {
				CODE_SIGN_STYLE = Automatic;
				FRAMEWORK_SEARCH_PATHS = (
					"$(inherited)",
					"$(LOCAL_LIBRARY_DIR)/Frameworks",
				);
				PRODUCT_NAME = "$(TARGET_NAME)";
			};
			name = Debug;
		};
		9380770E2AAE798B006EEADC /* Release */ = {
			isa = XCBuildConfiguration;
			buildSettings = {
				CODE_SIGN_STYLE = Automatic;
				FRAMEWORK_SEARCH_PATHS = (
					"$(inherited)",
					"$(LOCAL_LIBRARY_DIR)/Frameworks",
				);
				PRODUCT_NAME = "$(TARGET_NAME)";
			};
			name = Release;
		};
/* End XCBuildConfiguration section */

/* Begin XCConfigurationList section */
		938077002AAE798B006EEADC /* Build configuration list for PBXProject "SoftwareRendering" */ = {
			isa = XCConfigurationList;
			buildConfigurations = (
				9380770A2AAE798B006EEADC /* Debug */,
				9380770B2AAE798B006EEADC /* Release */,
			);
			defaultConfigurationIsVisible = 0;
			defaultConfigurationName = Release;
		};
		9380770C2AAE798B006EEADC /* Build configuration list for PBXNativeTarget "SoftwareRendering" */ = {
			isa = XCConfigurationList;
			buildConfigurations = (
				9380770D2AAE798B006EEADC /* Debug */,
				9380770E2AAE798B006EEADC /* Release */,
			);
			defaultConfigurationIsVisible = 0;
			defaultConfigurationName = Release;
		};
/* End XCConfigurationList section */
	};
	rootObject = 938076FD2AAE798B006EEADC /* Project object */;
}
